
Microsoft Visual Studio Solution File, Format Version 12.00
# Visual Studio Version 18
VisualStudioVersion = 18.0.11217.181
MinimumVisualStudioVersion = 10.0.40219.1
Project("{2150E333-8FDC-42A3-9474-1A3956D46DE8}") = "Task0", "Task0", "{02EA681E-C7D8-13C7-8484-4AC65E1B71E8}"
EndProject
Project("{FAE04EC0-301F-11D3-BF4B-00C04F79EFBC}") = "Tyuiu.GalchinskayaVV.Sprint3.Task0.V11", "Tyuiu.GalchinskayaVV.Sprint3.Task0.V11\Tyuiu.GalchinskayaVV.Sprint3.Task0.V11.csproj", "{6A84D606-AE1C-46B1-8303-78993E5AB74F}"
EndProject
Project("{FAE04EC0-301F-11D3-BF4B-00C04F79EFBC}") = "Tyuiu.GalchinskayaVV.Sprint3.Task0.V11.Test", "Tyuiu.GalchinskayaVV.Sprint3.Task0.V11.Test\Tyuiu.GalchinskayaVV.Sprint3.Task0.V11.Test.csproj", "{A222A93D-4BD1-4982-A262-A13471524870}"
EndProject
Project("{FAE04EC0-301F-11D3-BF4B-00C04F79EFBC}") = "Tyuiu.GalchinskayaVV.Sprint3.Task0.V11.Lib", "Tyuiu.GalchinskayaVV.Sprint3.Task0.V11.Lib\Tyuiu.GalchinskayaVV.Sprint3.Task0.V11.Lib.csproj", "{360D76FF-E745-4C6C-8DF7-0F0713810A18}"
EndProject
Project("{2150E333-8FDC-42A3-9474-1A3956D46DE8}") = "Task1", "Task1", "{3DDFA482-0C45-47C8-8DD6-A8F5037B18E6}"
EndProject
Project("{FAE04EC0-301F-11D3-BF4B-00C04F79EFBC}") = "Tyuiu.GalchinskayaVV.Sprint3.Task1.V28", "Tyuiu.GalchinskayaVV.Sprint3.Task1.V28\Tyuiu.GalchinskayaVV.Sprint3.Task1.V28.csproj", "{82BAC376-1E9F-427C-BBAA-DB4CBB0747C0}"
EndProject
Project("{FAE04EC0-301F-11D3-BF4B-00C04F79EFBC}") = "Tyuiu.GalchinskayaVV.Sprint3.Task1.V28.Lib", "Tyuiu.GalchinskayaVV.Sprint3.Task1.V28.Lib\Tyuiu.GalchinskayaVV.Sprint3.Task1.V28.Lib.csproj", "{0832163F-1D55-4FDA-B702-E2F18632081E}"
EndProject
Project("{FAE04EC0-301F-11D3-BF4B-00C04F79EFBC}") = "Tyuiu.GalchinskayaVV.Sprint3.Task1.V28.Test", "Tyuiu.GalchinskayaVV.Sprint3.Task1.V28.Test\Tyuiu.GalchinskayaVV.Sprint3.Task1.V28.Test.csproj", "{B4B096B8-8E2C-48FB-927E-B0720F202479}"
EndProject
Global
	GlobalSection(SolutionConfigurationPlatforms) = preSolution
		Debug|Any CPU = Debug|Any CPU
		Release|Any CPU = Release|Any CPU
	EndGlobalSection
	GlobalSection(ProjectConfigurationPlatforms) = postSolution
		{6A84D606-AE1C-46B1-8303-78993E5AB74F}.Debug|Any CPU.ActiveCfg = Debug|Any CPU
		{6A84D606-AE1C-46B1-8303-78993E5AB74F}.Debug|Any CPU.Build.0 = Debug|Any CPU
		{6A84D606-AE1C-46B1-8303-78993E5AB74F}.Release|Any CPU.ActiveCfg = Release|Any CPU
		{6A84D606-AE1C-46B1-8303-78993E5AB74F}.Release|Any CPU.Build.0 = Release|Any CPU
		{A222A93D-4BD1-4982-A262-A13471524870}.Debug|Any CPU.ActiveCfg = Debug|Any CPU
		{A222A93D-4BD1-4982-A262-A13471524870}.Debug|Any CPU.Build.0 = Debug|Any CPU
		{A222A93D-4BD1-4982-A262-A13471524870}.Release|Any CPU.ActiveCfg = Release|Any CPU
		{A222A93D-4BD1-4982-A262-A13471524870}.Release|Any CPU.Build.0 = Release|Any CPU
		{360D76FF-E745-4C6C-8DF7-0F0713810A18}.Debug|Any CPU.ActiveCfg = Debug|Any CPU
		{360D76FF-E745-4C6C-8DF7-0F0713810A18}.Debug|Any CPU.Build.0 = Debug|Any CPU
		{360D76FF-E745-4C6C-8DF7-0F0713810A18}.Release|Any CPU.ActiveCfg = Release|Any CPU
		{360D76FF-E745-4C6C-8DF7-0F0713810A18}.Release|Any CPU.Build.0 = Release|Any CPU
		{82BAC376-1E9F-427C-BBAA-DB4CBB0747C0}.Debug|Any CPU.ActiveCfg = Debug|Any CPU
		{82BAC376-1E9F-427C-BBAA-DB4CBB0747C0}.Debug|Any CPU.Build.0 = Debug|Any CPU
		{82BAC376-1E9F-427C-BBAA-DB4CBB0747C0}.Release|Any CPU.ActiveCfg = Release|Any CPU
		{82BAC376-1E9F-427C-BBAA-DB4CBB0747C0}.Release|Any CPU.Build.0 = Release|Any CPU
		{0832163F-1D55-4FDA-B702-E2F18632081E}.Debug|Any CPU.ActiveCfg = Debug|Any CPU
		{0832163F-1D55-4FDA-B702-E2F18632081E}.Debug|Any CPU.Build.0 = Debug|Any CPU
		{0832163F-1D55-4FDA-B702-E2F18632081E}.Release|Any CPU.ActiveCfg = Release|Any CPU
		{0832163F-1D55-4FDA-B702-E2F18632081E}.Release|Any CPU.Build.0 = Release|Any CPU
		{B4B096B8-8E2C-48FB-927E-B0720F202479}.Debug|Any CPU.ActiveCfg = Debug|Any CPU
		{B4B096B8-8E2C-48FB-927E-B0720F202479}.Debug|Any CPU.Build.0 = Debug|Any CPU
		{B4B096B8-8E2C-48FB-927E-B0720F202479}.Release|Any CPU.ActiveCfg = Release|Any CPU
		{B4B096B8-8E2C-48FB-927E-B0720F202479}.Release|Any CPU.Build.0 = Release|Any CPU
	EndGlobalSection
	GlobalSection(SolutionProperties) = preSolution
		HideSolutionNode = FALSE
	EndGlobalSection
	GlobalSection(NestedProjects) = preSolution
		{6A84D606-AE1C-46B1-8303-78993E5AB74F} = {02EA681E-C7D8-13C7-8484-4AC65E1B71E8}
		{A222A93D-4BD1-4982-A262-A13471524870} = {02EA681E-C7D8-13C7-8484-4AC65E1B71E8}
		{360D76FF-E745-4C6C-8DF7-0F0713810A18} = {02EA681E-C7D8-13C7-8484-4AC65E1B71E8}
		{82BAC376-1E9F-427C-BBAA-DB4CBB0747C0} = {3DDFA482-0C45-47C8-8DD6-A8F5037B18E6}
		{0832163F-1D55-4FDA-B702-E2F18632081E} = {3DDFA482-0C45-47C8-8DD6-A8F5037B18E6}
		{B4B096B8-8E2C-48FB-927E-B0720F202479} = {3DDFA482-0C45-47C8-8DD6-A8F5037B18E6}
	EndGlobalSection
	GlobalSection(ExtensibilityGlobals) = postSolution
		SolutionGuid = {E13367D9-B3B6-472E-8CB9-3527584843FF}
	EndGlobalSection
EndGlobal
