
Microsoft Visual Studio Solution File, Format Version 12.00
# Visual Studio Version 18
VisualStudioVersion = 18.0.11217.181
MinimumVisualStudioVersion = 10.0.40219.1
Project("{2150E333-8FDC-42A3-9474-1A3956D46DE8}") = "Task0", "Task0", "{02EA681E-C7D8-13C7-8484-4AC65E1B71E8}"
EndProject
Project("{FAE04EC0-301F-11D3-BF4B-00C04F79EFBC}") = "Tyuiu.GalchinskayaVV.Sprint3.Task0.V11", "Tyuiu.GalchinskayaVV.Sprint3.Task0.V11\Tyuiu.GalchinskayaVV.Sprint3.Task0.V11.csproj", "{6A84D606-AE1C-46B1-8303-78993E5AB74F}"
EndProject
Project("{FAE04EC0-301F-11D3-BF4B-00C04F79EFBC}") = "Tyuiu.GalchinskayaVV.Sprint3.Task0.V11.Test", "Tyuiu.GalchinskayaVV.Sprint3.Task0.V11.Test\Tyuiu.GalchinskayaVV.Sprint3.Task0.V11.Test.csproj", "{A222A93D-4BD1-4982-A262-A13471524870}"
EndProject
Project("{FAE04EC0-301F-11D3-BF4B-00C04F79EFBC}") = "Tyuiu.GalchinskayaVV.Sprint3.Task0.V11.Lib", "Tyuiu.GalchinskayaVV.Sprint3.Task0.V11.Lib\Tyuiu.GalchinskayaVV.Sprint3.Task0.V11.Lib.csproj", "{360D76FF-E745-4C6C-8DF7-0F0713810A18}"
EndProject
Project("{2150E333-8FDC-42A3-9474-1A3956D46DE8}") = "Task1", "Task1", "{3DDFA482-0C45-47C8-8DD6-A8F5037B18E6}"
EndProject
Project("{FAE04EC0-301F-11D3-BF4B-00C04F79EFBC}") = "Tyuiu.GalchinskayaVV.Sprint3.Task1.V28", "Tyuiu.GalchinskayaVV.Sprint3.Task1.V28\Tyuiu.GalchinskayaVV.Sprint3.Task1.V28.csproj", "{82BAC376-1E9F-427C-BBAA-DB4CBB0747C0}"
EndProject
Project("{FAE04EC0-301F-11D3-BF4B-00C04F79EFBC}") = "Tyuiu.GalchinskayaVV.Sprint3.Task1.V28.Lib", "Tyuiu.GalchinskayaVV.Sprint3.Task1.V28.Lib\Tyuiu.GalchinskayaVV.Sprint3.Task1.V28.Lib.csproj", "{0832163F-1D55-4FDA-B702-E2F18632081E}"
EndProject
Project("{FAE04EC0-301F-11D3-BF4B-00C04F79EFBC}") = "Tyuiu.GalchinskayaVV.Sprint3.Task1.V28.Test", "Tyuiu.GalchinskayaVV.Sprint3.Task1.V28.Test\Tyuiu.GalchinskayaVV.Sprint3.Task1.V28.Test.csproj", "{B4B096B8-8E2C-48FB-927E-B0720F202479}"
EndProject
Project("{2150E333-8FDC-42A3-9474-1A3956D46DE8}") = "Task2", "Task2", "{E31E6D90-83D5-43D9-A2FF-D22A0DF10743}"
EndProject
Project("{FAE04EC0-301F-11D3-BF4B-00C04F79EFBC}") = "Tyuiu.GalchinskayaVV.Sprint3.Task2.V15", "Tyuiu.GalchinskayaVV.Sprint3.Task2.V15\Tyuiu.GalchinskayaVV.Sprint3.Task2.V15.csproj", "{579A1EFA-3769-49BD-AB19-055546EEC60D}"
EndProject
Project("{FAE04EC0-301F-11D3-BF4B-00C04F79EFBC}") = "Tyuiu.GalchinskayaVV.Sprint3.Task2.V15.Lib", "Tyuiu.GalchinskayaVV.Sprint3.Task2.V15.Lib\Tyuiu.GalchinskayaVV.Sprint3.Task2.V15.Lib.csproj", "{E021A4B6-A291-4BCC-95A6-F73521F2FE4C}"
EndProject
Project("{FAE04EC0-301F-11D3-BF4B-00C04F79EFBC}") = "Tyuiu.GalchinskayaVV.Sprint3.Task2.V15.Test", "Tyuiu.GalchinskayaVV.Sprint3.Task2.V15.Test\Tyuiu.GalchinskayaVV.Sprint3.Task2.V15.Test.csproj", "{6592B800-0C68-447F-84A3-CF30EC581019}"
EndProject
Project("{2150E333-8FDC-42A3-9474-1A3956D46DE8}") = "Task3", "Task3", "{5F47AAF7-9F23-41E3-8D48-1E7541377D24}"
EndProject
Project("{FAE04EC0-301F-11D3-BF4B-00C04F79EFBC}") = "Tyuiu.GalchinskayaVV.Sprint3.Task3.V1", "Tyuiu.GalchinskayaVV.Sprint3.Task3.V1\Tyuiu.GalchinskayaVV.Sprint3.Task3.V1.csproj", "{B027DB2E-97C9-4B6F-9C35-A79D89A037C3}"
EndProject
Project("{FAE04EC0-301F-11D3-BF4B-00C04F79EFBC}") = "Tyuiu.GalchinskayaVV.Sprint3.Task3.V1.Lib", "Tyuiu.GalchinskayaVV.Sprint3.Task3.V1.Lib\Tyuiu.GalchinskayaVV.Sprint3.Task3.V1.Lib.csproj", "{1011B03B-AD7D-457D-BBB3-8946D1F32636}"
EndProject
Project("{FAE04EC0-301F-11D3-BF4B-00C04F79EFBC}") = "Tyuiu.GalchinskayaVV.Sprint3.Task3.V1.Test", "Tyuiu.GalchinskayaVV.Sprint3.Task3.V1.Test\Tyuiu.GalchinskayaVV.Sprint3.Task3.V1.Test.csproj", "{A938DC03-8C1A-42BC-9D29-1FA5EEA09976}"
EndProject
Project("{2150E333-8FDC-42A3-9474-1A3956D46DE8}") = "Task4", "Task4", "{95DCF49C-C1BF-4B68-B780-5C3FDEB88E54}"
EndProject
Project("{FAE04EC0-301F-11D3-BF4B-00C04F79EFBC}") = "Tyuiu.GalchinskayaVV.Sprint3.Task4.V9", "Tyuiu.GalchinskayaVV.Sprint3.Task4.V9\Tyuiu.GalchinskayaVV.Sprint3.Task4.V9.csproj", "{22F70132-8D23-43B2-A358-87181C08C4B6}"
EndProject
Project("{FAE04EC0-301F-11D3-BF4B-00C04F79EFBC}") = "Tyuiu.GalchinskayaVV.Sprint3.Task4.V9.Lib", "Tyuiu.GalchinskayaVV.Sprint3.Task4.V9.Lib\Tyuiu.GalchinskayaVV.Sprint3.Task4.V9.Lib.csproj", "{DE162D7A-91A5-4C3B-A276-D6073CD1DC36}"
EndProject
Project("{FAE04EC0-301F-11D3-BF4B-00C04F79EFBC}") = "Tyuiu.GalchinskayaVV.Sprint3.Task4.V9.Test", "Tyuiu.GalchinskayaVV.Sprint3.Task4.V9.Test\Tyuiu.GalchinskayaVV.Sprint3.Task4.V9.Test.csproj", "{7E243FAA-A51C-474F-8214-FF691FEAC261}"
EndProject
Project("{2150E333-8FDC-42A3-9474-1A3956D46DE8}") = "Task5", "Task5", "{D7D8580B-97AE-4C94-9C16-C567C54800FC}"
EndProject
Project("{FAE04EC0-301F-11D3-BF4B-00C04F79EFBC}") = "Tyuiu.GalchinskayaVV.Sprint3.Task5.V24", "Tyuiu.GalchinskayaVV.Sprint3.Task5.V24\Tyuiu.GalchinskayaVV.Sprint3.Task5.V24.csproj", "{D3DE66F1-CA9A-4F06-999F-E6713C9D8E71}"
EndProject
Project("{FAE04EC0-301F-11D3-BF4B-00C04F79EFBC}") = "Tyuiu.GalchinskayaVV.Sprint3.Task5.V24.Lib", "Tyuiu.GalchinskayaVV.Sprint3.Task5.V24.Lib\Tyuiu.GalchinskayaVV.Sprint3.Task5.V24.Lib.csproj", "{E5168A53-50AA-41FA-9D0B-27CF887E57F4}"
EndProject
Project("{FAE04EC0-301F-11D3-BF4B-00C04F79EFBC}") = "Tyuiu.GalchinskayaVV.Sprint3.Task5.V24.Test", "Tyuiu.GalchinskayaVV.Sprint3.Task5.V24.Test\Tyuiu.GalchinskayaVV.Sprint3.Task5.V24.Test.csproj", "{356BA0CD-00E8-44FF-A056-D6981146C263}"
EndProject
Global
	GlobalSection(SolutionConfigurationPlatforms) = preSolution
		Debug|Any CPU = Debug|Any CPU
		Release|Any CPU = Release|Any CPU
	EndGlobalSection
	GlobalSection(ProjectConfigurationPlatforms) = postSolution
		{6A84D606-AE1C-46B1-8303-78993E5AB74F}.Debug|Any CPU.ActiveCfg = Debug|Any CPU
		{6A84D606-AE1C-46B1-8303-78993E5AB74F}.Debug|Any CPU.Build.0 = Debug|Any CPU
		{6A84D606-AE1C-46B1-8303-78993E5AB74F}.Release|Any CPU.ActiveCfg = Release|Any CPU
		{6A84D606-AE1C-46B1-8303-78993E5AB74F}.Release|Any CPU.Build.0 = Release|Any CPU
		{A222A93D-4BD1-4982-A262-A13471524870}.Debug|Any CPU.ActiveCfg = Debug|Any CPU
		{A222A93D-4BD1-4982-A262-A13471524870}.Debug|Any CPU.Build.0 = Debug|Any CPU
		{A222A93D-4BD1-4982-A262-A13471524870}.Release|Any CPU.ActiveCfg = Release|Any CPU
		{A222A93D-4BD1-4982-A262-A13471524870}.Release|Any CPU.Build.0 = Release|Any CPU
		{360D76FF-E745-4C6C-8DF7-0F0713810A18}.Debug|Any CPU.ActiveCfg = Debug|Any CPU
		{360D76FF-E745-4C6C-8DF7-0F0713810A18}.Debug|Any CPU.Build.0 = Debug|Any CPU
		{360D76FF-E745-4C6C-8DF7-0F0713810A18}.Release|Any CPU.ActiveCfg = Release|Any CPU
		{360D76FF-E745-4C6C-8DF7-0F0713810A18}.Release|Any CPU.Build.0 = Release|Any CPU
		{82BAC376-1E9F-427C-BBAA-DB4CBB0747C0}.Debug|Any CPU.ActiveCfg = Debug|Any CPU
		{82BAC376-1E9F-427C-BBAA-DB4CBB0747C0}.Debug|Any CPU.Build.0 = Debug|Any CPU
		{82BAC376-1E9F-427C-BBAA-DB4CBB0747C0}.Release|Any CPU.ActiveCfg = Release|Any CPU
		{82BAC376-1E9F-427C-BBAA-DB4CBB0747C0}.Release|Any CPU.Build.0 = Release|Any CPU
		{0832163F-1D55-4FDA-B702-E2F18632081E}.Debug|Any CPU.ActiveCfg = Debug|Any CPU
		{0832163F-1D55-4FDA-B702-E2F18632081E}.Debug|Any CPU.Build.0 = Debug|Any CPU
		{0832163F-1D55-4FDA-B702-E2F18632081E}.Release|Any CPU.ActiveCfg = Release|Any CPU
		{0832163F-1D55-4FDA-B702-E2F18632081E}.Release|Any CPU.Build.0 = Release|Any CPU
		{B4B096B8-8E2C-48FB-927E-B0720F202479}.Debug|Any CPU.ActiveCfg = Debug|Any CPU
		{B4B096B8-8E2C-48FB-927E-B0720F202479}.Debug|Any CPU.Build.0 = Debug|Any CPU
		{B4B096B8-8E2C-48FB-927E-B0720F202479}.Release|Any CPU.ActiveCfg = Release|Any CPU
		{B4B096B8-8E2C-48FB-927E-B0720F202479}.Release|Any CPU.Build.0 = Release|Any CPU
		{579A1EFA-3769-49BD-AB19-055546EEC60D}.Debug|Any CPU.ActiveCfg = Debug|Any CPU
		{579A1EFA-3769-49BD-AB19-055546EEC60D}.Debug|Any CPU.Build.0 = Debug|Any CPU
		{579A1EFA-3769-49BD-AB19-055546EEC60D}.Release|Any CPU.ActiveCfg = Release|Any CPU
		{579A1EFA-3769-49BD-AB19-055546EEC60D}.Release|Any CPU.Build.0 = Release|Any CPU
		{E021A4B6-A291-4BCC-95A6-F73521F2FE4C}.Debug|Any CPU.ActiveCfg = Debug|Any CPU
		{E021A4B6-A291-4BCC-95A6-F73521F2FE4C}.Debug|Any CPU.Build.0 = Debug|Any CPU
		{E021A4B6-A291-4BCC-95A6-F73521F2FE4C}.Release|Any CPU.ActiveCfg = Release|Any CPU
		{E021A4B6-A291-4BCC-95A6-F73521F2FE4C}.Release|Any CPU.Build.0 = Release|Any CPU
		{6592B800-0C68-447F-84A3-CF30EC581019}.Debug|Any CPU.ActiveCfg = Debug|Any CPU
		{6592B800-0C68-447F-84A3-CF30EC581019}.Debug|Any CPU.Build.0 = Debug|Any CPU
		{6592B800-0C68-447F-84A3-CF30EC581019}.Release|Any CPU.ActiveCfg = Release|Any CPU
		{6592B800-0C68-447F-84A3-CF30EC581019}.Release|Any CPU.Build.0 = Release|Any CPU
		{B027DB2E-97C9-4B6F-9C35-A79D89A037C3}.Debug|Any CPU.ActiveCfg = Debug|Any CPU
		{B027DB2E-97C9-4B6F-9C35-A79D89A037C3}.Debug|Any CPU.Build.0 = Debug|Any CPU
		{B027DB2E-97C9-4B6F-9C35-A79D89A037C3}.Release|Any CPU.ActiveCfg = Release|Any CPU
		{B027DB2E-97C9-4B6F-9C35-A79D89A037C3}.Release|Any CPU.Build.0 = Release|Any CPU
		{1011B03B-AD7D-457D-BBB3-8946D1F32636}.Debug|Any CPU.ActiveCfg = Debug|Any CPU
		{1011B03B-AD7D-457D-BBB3-8946D1F32636}.Debug|Any CPU.Build.0 = Debug|Any CPU
		{1011B03B-AD7D-457D-BBB3-8946D1F32636}.Release|Any CPU.ActiveCfg = Release|Any CPU
		{1011B03B-AD7D-457D-BBB3-8946D1F32636}.Release|Any CPU.Build.0 = Release|Any CPU
		{A938DC03-8C1A-42BC-9D29-1FA5EEA09976}.Debug|Any CPU.ActiveCfg = Debug|Any CPU
		{A938DC03-8C1A-42BC-9D29-1FA5EEA09976}.Debug|Any CPU.Build.0 = Debug|Any CPU
		{A938DC03-8C1A-42BC-9D29-1FA5EEA09976}.Release|Any CPU.ActiveCfg = Release|Any CPU
		{A938DC03-8C1A-42BC-9D29-1FA5EEA09976}.Release|Any CPU.Build.0 = Release|Any CPU
		{22F70132-8D23-43B2-A358-87181C08C4B6}.Debug|Any CPU.ActiveCfg = Debug|Any CPU
		{22F70132-8D23-43B2-A358-87181C08C4B6}.Debug|Any CPU.Build.0 = Debug|Any CPU
		{22F70132-8D23-43B2-A358-87181C08C4B6}.Release|Any CPU.ActiveCfg = Release|Any CPU
		{22F70132-8D23-43B2-A358-87181C08C4B6}.Release|Any CPU.Build.0 = Release|Any CPU
		{DE162D7A-91A5-4C3B-A276-D6073CD1DC36}.Debug|Any CPU.ActiveCfg = Debug|Any CPU
		{DE162D7A-91A5-4C3B-A276-D6073CD1DC36}.Debug|Any CPU.Build.0 = Debug|Any CPU
		{DE162D7A-91A5-4C3B-A276-D6073CD1DC36}.Release|Any CPU.ActiveCfg = Release|Any CPU
		{DE162D7A-91A5-4C3B-A276-D6073CD1DC36}.Release|Any CPU.Build.0 = Release|Any CPU
		{7E243FAA-A51C-474F-8214-FF691FEAC261}.Debug|Any CPU.ActiveCfg = Debug|Any CPU
		{7E243FAA-A51C-474F-8214-FF691FEAC261}.Debug|Any CPU.Build.0 = Debug|Any CPU
		{7E243FAA-A51C-474F-8214-FF691FEAC261}.Release|Any CPU.ActiveCfg = Release|Any CPU
		{7E243FAA-A51C-474F-8214-FF691FEAC261}.Release|Any CPU.Build.0 = Release|Any CPU
		{D3DE66F1-CA9A-4F06-999F-E6713C9D8E71}.Debug|Any CPU.ActiveCfg = Debug|Any CPU
		{D3DE66F1-CA9A-4F06-999F-E6713C9D8E71}.Debug|Any CPU.Build.0 = Debug|Any CPU
		{D3DE66F1-CA9A-4F06-999F-E6713C9D8E71}.Release|Any CPU.ActiveCfg = Release|Any CPU
		{D3DE66F1-CA9A-4F06-999F-E6713C9D8E71}.Release|Any CPU.Build.0 = Release|Any CPU
		{E5168A53-50AA-41FA-9D0B-27CF887E57F4}.Debug|Any CPU.ActiveCfg = Debug|Any CPU
		{E5168A53-50AA-41FA-9D0B-27CF887E57F4}.Debug|Any CPU.Build.0 = Debug|Any CPU
		{E5168A53-50AA-41FA-9D0B-27CF887E57F4}.Release|Any CPU.ActiveCfg = Release|Any CPU
		{E5168A53-50AA-41FA-9D0B-27CF887E57F4}.Release|Any CPU.Build.0 = Release|Any CPU
		{356BA0CD-00E8-44FF-A056-D6981146C263}.Debug|Any CPU.ActiveCfg = Debug|Any CPU
		{356BA0CD-00E8-44FF-A056-D6981146C263}.Debug|Any CPU.Build.0 = Debug|Any CPU
		{356BA0CD-00E8-44FF-A056-D6981146C263}.Release|Any CPU.ActiveCfg = Release|Any CPU
		{356BA0CD-00E8-44FF-A056-D6981146C263}.Release|Any CPU.Build.0 = Release|Any CPU
	EndGlobalSection
	GlobalSection(SolutionProperties) = preSolution
		HideSolutionNode = FALSE
	EndGlobalSection
	GlobalSection(NestedProjects) = preSolution
		{6A84D606-AE1C-46B1-8303-78993E5AB74F} = {02EA681E-C7D8-13C7-8484-4AC65E1B71E8}
		{A222A93D-4BD1-4982-A262-A13471524870} = {02EA681E-C7D8-13C7-8484-4AC65E1B71E8}
		{360D76FF-E745-4C6C-8DF7-0F0713810A18} = {02EA681E-C7D8-13C7-8484-4AC65E1B71E8}
		{82BAC376-1E9F-427C-BBAA-DB4CBB0747C0} = {3DDFA482-0C45-47C8-8DD6-A8F5037B18E6}
		{0832163F-1D55-4FDA-B702-E2F18632081E} = {3DDFA482-0C45-47C8-8DD6-A8F5037B18E6}
		{B4B096B8-8E2C-48FB-927E-B0720F202479} = {3DDFA482-0C45-47C8-8DD6-A8F5037B18E6}
		{579A1EFA-3769-49BD-AB19-055546EEC60D} = {E31E6D90-83D5-43D9-A2FF-D22A0DF10743}
		{E021A4B6-A291-4BCC-95A6-F73521F2FE4C} = {E31E6D90-83D5-43D9-A2FF-D22A0DF10743}
		{6592B800-0C68-447F-84A3-CF30EC581019} = {E31E6D90-83D5-43D9-A2FF-D22A0DF10743}
		{B027DB2E-97C9-4B6F-9C35-A79D89A037C3} = {5F47AAF7-9F23-41E3-8D48-1E7541377D24}
		{1011B03B-AD7D-457D-BBB3-8946D1F32636} = {5F47AAF7-9F23-41E3-8D48-1E7541377D24}
		{A938DC03-8C1A-42BC-9D29-1FA5EEA09976} = {5F47AAF7-9F23-41E3-8D48-1E7541377D24}
		{22F70132-8D23-43B2-A358-87181C08C4B6} = {95DCF49C-C1BF-4B68-B780-5C3FDEB88E54}
		{DE162D7A-91A5-4C3B-A276-D6073CD1DC36} = {95DCF49C-C1BF-4B68-B780-5C3FDEB88E54}
		{7E243FAA-A51C-474F-8214-FF691FEAC261} = {95DCF49C-C1BF-4B68-B780-5C3FDEB88E54}
		{D3DE66F1-CA9A-4F06-999F-E6713C9D8E71} = {D7D8580B-97AE-4C94-9C16-C567C54800FC}
		{E5168A53-50AA-41FA-9D0B-27CF887E57F4} = {D7D8580B-97AE-4C94-9C16-C567C54800FC}
		{356BA0CD-00E8-44FF-A056-D6981146C263} = {D7D8580B-97AE-4C94-9C16-C567C54800FC}
	EndGlobalSection
	GlobalSection(ExtensibilityGlobals) = postSolution
		SolutionGuid = {E13367D9-B3B6-472E-8CB9-3527584843FF}
	EndGlobalSection
EndGlobal
